github.com/SIC-Unud/sicgolib v1.0.6 h1:aHKD389Sx1WmSWEtn4Nbufrea+UJCdI7RfZV0uW4vGc=
github.com/SIC-Unud/sicgolib v1.0.6/go.mod h1:i2aFJtVRieazEG04FP8GndJ8NIu8Mofnp1W52TgBh9A=
github.com/codedius/imagekit-go v1.1.3 h1:i/0iGIz0qFNKG2RoGPTx+Nw/vbCnNxBWU9gLvxY+G6k=
github.com/codedius/imagekit-go v1.1.3/go.mod h1:hgVXKf7YW6GBGPj/aADm5SjIYA5R/MQP5x5GSwfMSVk=
github.com/creasty/defaults v1.6.0 h1:ltuE9cfphUtlrBeomuu8PEyISTXnxqkBIoQfXgv7BSc=
github.com/creasty/defaults v1.6.0/go.mod h1:iGzKe6pbEHnpMPtfDXZEr0NVxWnPTjb1bbDy08fPzYM=
github.com/go-sql-driver/mysql v1.7.1 h1:lUIinVbN1DY0xBg0eMOzmmtGoHwWBbvnWubQUrtU8EI=
github.com/go-sql-driver/mysql v1.7.1/go.mod h1:OXbVy3sEdcQ2Doequ6Z5BW6fXNQTmx+9S1MCJN5yJMI=
github.com/google/uuid v1.3.0 h1:t6JiXgmwXMjEs8VusXIJk2BXHsn+wx8BZdTaoZ5fu7I=
github.com/google/uuid v1.3.0/go.mod h1:TIyPZe4MgqvfeYDBFedMoGGpEw/LqOeaOT+nhxU+yHo=
github.com/gorilla/mux v1.8.1 h1:TuBL49tXwgrFYWhqrNgrUNEY92u81SPhu7sTdzQEiWY=
github.com/gorilla/mux v1.8.1/go.mod h1:AKf9I4AEqPTmMytcMc0KkNouC66V3BtZ4qD5fmWSiMQ=
github.com/imagekit-developer/imagekit-go v0.0.0-20221027035115-2e643255882a h1:FtWsjTI7olOyFPW7HsgIrLBZx28gNo/EAI4pXseNYQ0=
github.com/imagekit-developer/imagekit-go v0.0.0-20221027035115-2e643255882a/go.mod h1:ELYbj+Ny8Qo0XIEilOY7WNedv3h/NGG1Cgdm41AF6nw=
github.com/joho/godotenv v1.5.1 h1:7eLL/+HRGLY0ldzfGMeQkb7vMd0as4CfYvUVzLqw0N0=
github.com/joho/godotenv v1.5.1/go.mod h1:f4LDr5Voq0i2e/R5DDNOoa2zzDfwtkZa6DnEwAbqwq4=
gopkg.in/validator.v2 v2.0.1 h1:xF0KWyGWXm/LM2G1TrEjqOu4pa6coO9AlWSf3msVfDY=
gopkg.in/validator.v2 v2.0.1/go.mod h1:lIUZBlB3Im4s/eYp39Ry/wkR02yOPhZ9IwIRBjuPuG8=
